# THIS IS AN AUTOGENERATED FILE. DO NOT EDIT THIS FILE DIRECTLY.
# yarn lockfile v1


"@adraffy/ens-normalize@1.10.0":
  version "1.10.0"
  resolved "https://registry.npmjs.org/@adraffy/ens-normalize/-/ens-normalize-1.10.0.tgz"
  integrity sha512-nA9XHtlAkYfJxY7bce8DcN7eKxWWCWkU+1GR9d+U6MbNpfwQp8TI7vqOsBsMcHoT4mBu2kypKoSKnghEzOOq5Q==

"@adraffy/ens-normalize@1.10.1":
  version "1.10.1"
  resolved "https://registry.yarnpkg.com/@adraffy/ens-normalize/-/ens-normalize-1.10.1.tgz#63430d04bd8c5e74f8d7d049338f1cd9d4f02069"
  integrity sha512-96Z2IP3mYmF1Xg2cDm8f1gWGf/HUVedQ3FMifV4kG/PQ4yEP51xDtRAEfhVNt5f/uzpNkZHwWQuUcu6D6K+Ekw==

"@adraffy/ens-normalize@1.9.2":
  version "1.9.2"
  resolved "https://registry.npmjs.org/@adraffy/ens-normalize/-/ens-normalize-1.9.2.tgz"
  integrity sha512-0h+FrQDqe2Wn+IIGFkTCd4aAwTJ+7834Ek1COohCyV26AXhwQ7WQaz+4F/nLOeVl/3BtWHOHLPsq46V8YB46Eg==

"@esbuild/linux-x64@0.19.2":
  version "0.19.2"
  resolved "https://registry.npmjs.org/@esbuild/linux-x64/-/linux-x64-0.19.2.tgz"
  integrity sha512-oxzHTEv6VPm3XXNaHPyUTTte+3wGv7qVQtqaZCrgstI16gCuhNOtBXLEBkBREP57YTd68P0VgDgG73jSD8bwXQ==

"@noble/curves@~1.2.0", "@noble/curves@1.2.0":
  version "1.2.0"
  resolved "https://registry.npmjs.org/@noble/curves/-/curves-1.2.0.tgz"
  integrity sha512-oYclrNgRaM9SsBUBVbb8M6DTV7ZHRTKugureoYEncY5c65HOmRzvSiTE3y5CYaPYJA/GVkrhXEoF0M3Ya9PMnw==
  dependencies:
    "@noble/hashes" "1.3.2"

"@noble/hashes@~1.3.0":
  version "1.3.3"
  resolved "https://registry.npmjs.org/@noble/hashes/-/hashes-1.3.3.tgz"
  integrity sha512-V7/fPHgl+jsVPXqqeOzT8egNj2iBIVt+ECeMMG8TdcnTikP3oaBtUVqpT/gYCR68aEBJSF+XbYUxStjbFMqIIA==

"@noble/hashes@~1.3.2":
  version "1.3.3"
  resolved "https://registry.npmjs.org/@noble/hashes/-/hashes-1.3.3.tgz"
  integrity sha512-V7/fPHgl+jsVPXqqeOzT8egNj2iBIVt+ECeMMG8TdcnTikP3oaBtUVqpT/gYCR68aEBJSF+XbYUxStjbFMqIIA==

"@noble/hashes@1.1.2":
  version "1.1.2"
  resolved "https://registry.npmjs.org/@noble/hashes/-/hashes-1.1.2.tgz"
  integrity sha512-KYRCASVTv6aeUi1tsF8/vpyR7zpfs3FUzy2Jqm+MU+LmUKhQ0y2FpfwqkCcxSg2ua4GALJd8k2R76WxwZGbQpA==

"@noble/hashes@1.3.2":
  version "1.3.2"
  resolved "https://registry.npmjs.org/@noble/hashes/-/hashes-1.3.2.tgz"
  integrity sha512-MVC8EAQp7MvEcm30KWENFjgR+Mkmf+D189XJTkFIlwohU5hcBbn1ZkKq7KVTi2Hme3PMGF390DaL52beVrIihQ==

"@noble/secp256k1@1.7.1":
  version "1.7.1"
  resolved "https://registry.npmjs.org/@noble/secp256k1/-/secp256k1-1.7.1.tgz"
  integrity sha512-hOUk6AyBFmqVrv7k5WAw/LpszxVbj9gGN4JRkIX52fdFAj1UA61KXmZDvqVEm+pOyec3+fIeZB02LYa/pWOArw==

"@orama/orama@^2.0.5":
  version "2.0.5"
  resolved "https://registry.yarnpkg.com/@orama/orama/-/orama-2.0.5.tgz#fc0be8347ba439a7177a9acf3e086108b76bc29c"
  integrity sha512-bkfgledz5N3quNvV3tuYA/byIA2AsLHv8+84GBkN4Pv/jOx8Lqb/6KGkJvEuCvZRabYKo7yKFoWQI6ZuTqpk2w==

"@scure/base@~1.1.0", "@scure/base@~1.1.2":
  version "1.1.5"
  resolved "https://registry.npmjs.org/@scure/base/-/base-1.1.5.tgz"
  integrity sha512-Brj9FiG2W1MRQSTB212YVPRrcbjkv48FoZi/u4l/zds/ieRrqsh7aUf6CLwkAq61oKXr/ZlTzlY66gLIj3TFTQ==

"@scure/bip32@1.3.2":
  version "1.3.2"
  resolved "https://registry.npmjs.org/@scure/bip32/-/bip32-1.3.2.tgz"
  integrity sha512-N1ZhksgwD3OBlwTv3R6KFEcPojl/W4ElJOeCZdi+vuI5QmTFwLq3OFf2zd2ROpKvxFdgZ6hUpb0dx9bVNEwYCA==
  dependencies:
    "@noble/curves" "~1.2.0"
    "@noble/hashes" "~1.3.2"
    "@scure/base" "~1.1.2"

"@scure/bip39@1.2.1":
  version "1.2.1"
  resolved "https://registry.npmjs.org/@scure/bip39/-/bip39-1.2.1.tgz"
  integrity sha512-Z3/Fsz1yr904dduJD0NpiyRHhRYHdcnyh73FZWiV+/qhWi83wNJ3NWolYqCEN+ZWsUz2TWwajJggcRE9r1zUYg==
  dependencies:
    "@noble/hashes" "~1.3.0"
    "@scure/base" "~1.1.0"

"@types/node@18.15.13":
  version "18.15.13"
  resolved "https://registry.npmjs.org/@types/node/-/node-18.15.13.tgz"
  integrity sha512-N+0kuo9KgrUQ1Sn/ifDXsvg0TTleP7rIy4zOBGECxAljqvqfqpTfzx0Q1NUedOixRMBfe2Whhb056a42cWs26Q==

"@types/stopword@^2.0.3":
  version "2.0.3"
  resolved "https://registry.npmjs.org/@types/stopword/-/stopword-2.0.3.tgz"
  integrity sha512-hioMj0lOvISM+EDevf7ijG8EMbU+J3pj4SstCyfQC1t39uPYpAe7beSfBdU6c1d9jeECTQQtR3UJWtVoUO8Weg==

abitype@1.0.0:
  version "1.0.0"
  resolved "https://registry.npmjs.org/abitype/-/abitype-1.0.0.tgz"
  integrity sha512-NMeMah//6bJ56H5XRj8QCV4AwuW6hB6zqz2LnhhLdcWVQOsXki6/Pn3APeqxCma62nXIcmZWdu1DlHWS74umVQ==

aes-js@4.0.0-beta.5:
  version "4.0.0-beta.5"
  resolved "https://registry.npmjs.org/aes-js/-/aes-js-4.0.0-beta.5.tgz"
  integrity sha512-G965FqalsNyrPqgEGON7nIx1e/OVENSgiEIzyC63haUMuvNnwIgIjMs52hlTCKhkBny7A2ORNlfY9Zu+jmGk1Q==

cartesi-router@^1.0.4:
  version "1.0.4"
  resolved "https://registry.yarnpkg.com/cartesi-router/-/cartesi-router-1.0.4.tgz#aee0c50e0fa8983d72778f2945996fc8fac578af"
  integrity sha512-tRzAWPoEEP199O9Fis1/YccK14ZW4udTtdPkjAZd7Kdp1r3iBdGKKLAbIpD8Imh+kZSyXHQwNNofWD24PYewkQ==
  dependencies:
    cartesi-wallet "^1.0.1"
    viem "^2.7.6"

cartesi-wallet@^1.0.1, cartesi-wallet@^1.0.4:
  version "1.0.4"
  resolved "https://registry.yarnpkg.com/cartesi-wallet/-/cartesi-wallet-1.0.4.tgz#e24be1c1c4319d0be173d5c6185a67847df23e22"
  integrity sha512-TrAlDrRLwxbF+ZiJCmmPWNg356TaAxvlWHeBypiWhOsaCDhcuRBcsspj8xezwfUG4b+yKxnqI6g+UVHrlDadSQ==
  dependencies:
    ethers "^6.10.0"
    viem "^2.7.3"

csv-parser@^3.0.0:
  version "3.0.0"
  resolved "https://registry.npmjs.org/csv-parser/-/csv-parser-3.0.0.tgz"
  integrity sha512-s6OYSXAK3IdKqYO33y09jhypG/bSDHPuyCme/IdEHfWpLf/jKcpitVFyOC6UemgGk8v7Q5u2XE0vvwmanxhGlQ==
  dependencies:
    minimist "^1.2.0"

esbuild@^0.19.2:
  version "0.19.2"
  resolved "https://registry.npmjs.org/esbuild/-/esbuild-0.19.2.tgz"
  integrity sha512-G6hPax8UbFakEj3hWO0Vs52LQ8k3lnBhxZWomUJDxfz3rZTLqF5k/FCzuNdLx2RbpBiQQF9H9onlDDH1lZsnjg==
  optionalDependencies:
    "@esbuild/android-arm" "0.19.2"
    "@esbuild/android-arm64" "0.19.2"
    "@esbuild/android-x64" "0.19.2"
    "@esbuild/darwin-arm64" "0.19.2"
    "@esbuild/darwin-x64" "0.19.2"
    "@esbuild/freebsd-arm64" "0.19.2"
    "@esbuild/freebsd-x64" "0.19.2"
    "@esbuild/linux-arm" "0.19.2"
    "@esbuild/linux-arm64" "0.19.2"
    "@esbuild/linux-ia32" "0.19.2"
    "@esbuild/linux-loong64" "0.19.2"
    "@esbuild/linux-mips64el" "0.19.2"
    "@esbuild/linux-ppc64" "0.19.2"
    "@esbuild/linux-riscv64" "0.19.2"
    "@esbuild/linux-s390x" "0.19.2"
    "@esbuild/linux-x64" "0.19.2"
    "@esbuild/netbsd-x64" "0.19.2"
    "@esbuild/openbsd-x64" "0.19.2"
    "@esbuild/sunos-x64" "0.19.2"
    "@esbuild/win32-arm64" "0.19.2"
    "@esbuild/win32-ia32" "0.19.2"
    "@esbuild/win32-x64" "0.19.2"

ethers@^6.10.0:
  version "6.11.0"
  resolved "https://registry.yarnpkg.com/ethers/-/ethers-6.11.0.tgz#6d3e884ad36454c29d4662ae49439d5d04556c66"
  integrity sha512-kPHNTnhVWiWU6AVo6CAeTjXEK24SpCXyZvwG9ROFjT0Vlux0EOhWKBAeC+45iDj80QNJTYaT1SDEmeunT0vDNw==
  dependencies:
    "@adraffy/ens-normalize" "1.10.1"
    "@noble/curves" "1.2.0"
    "@noble/hashes" "1.3.2"
    "@types/node" "18.15.13"
    aes-js "4.0.0-beta.5"
    tslib "2.4.0"
    ws "8.5.0"

ethers@^6.7.1:
  version "6.7.1"
  resolved "https://registry.npmjs.org/ethers/-/ethers-6.7.1.tgz"
  integrity sha512-qX5kxIFMfg1i+epfgb0xF4WM7IqapIIu50pOJ17aebkxxa4BacW5jFrQRmCJpDEg2ZK2oNtR5QjrQ1WDBF29dA==
  dependencies:
    "@adraffy/ens-normalize" "1.9.2"
    "@noble/hashes" "1.1.2"
    "@noble/secp256k1" "1.7.1"
    "@types/node" "18.15.13"
    aes-js "4.0.0-beta.5"
    tslib "2.4.0"
    ws "8.5.0"

fs@^0.0.1-security:
  version "0.0.1-security"
  resolved "https://registry.npmjs.org/fs/-/fs-0.0.1-security.tgz"
  integrity sha512-3XY9e1pP0CVEUCdj5BmfIZxRBTSDycnbqhIOGec9QYtmVH2fbLpj86CFWkrNOkt/Fvty4KZG5lTglL9j/gJ87w==

isows@1.0.3:
  version "1.0.3"
  resolved "https://registry.npmjs.org/isows/-/isows-1.0.3.tgz"
  integrity sha512-2cKei4vlmg2cxEjm3wVSqn8pcoRF/LX/wpifuuNquFO4SQmPwarClT+SUCA2lt+l581tTeZIPIZuIDo2jWN1fg==

minimist@^1.2.0:
  version "1.2.8"
  resolved "https://registry.npmjs.org/minimist/-/minimist-1.2.8.tgz"
  integrity sha512-2yyAR8qBkN3YuheJanUpWC5U3bb5osDywNB8RzDVlDwDHbocAJveqqj1u8+SVD7jkWT4yvsHCpWqqWqAxb0zCA==

stopword@^3.0.1:
  version "3.0.1"
  resolved "https://registry.npmjs.org/stopword/-/stopword-3.0.1.tgz"
  integrity sha512-pz2XNVtoApA7eSX1viol5ybGGG2Re2bI7/+8TfeaMb09C9NEWgabr7HHf4DbqgrmEuI62sH2BcAEHVAlreCmrQ==

tslib@2.4.0:
  version "2.4.0"
  resolved "https://registry.npmjs.org/tslib/-/tslib-2.4.0.tgz"
  integrity sha512-d6xOpEDfsi2CZVlPQzGeux8XMwLT9hssAsaPYExaQMuYskwb+x1x7J371tWlbBdWHroy99KnVB6qIkUbs5X3UQ==

viem@^2.5.0:
  version "2.5.0"
  resolved "https://registry.npmjs.org/viem/-/viem-2.5.0.tgz"
  integrity sha512-ytHXIWtlgPs4mcsGxXjJrQ25v+N4dE2hBzgCU8CVv4iXNh3PRFRgyYa7igZlmxiMVzkfSHHADOtivS980JhilA==
  dependencies:
    "@adraffy/ens-normalize" "1.10.0"
    "@noble/curves" "1.2.0"
    "@noble/hashes" "1.3.2"
    "@scure/bip32" "1.3.2"
    "@scure/bip39" "1.2.1"
    abitype "1.0.0"
    isows "1.0.3"
    ws "8.13.0"

viem@^2.7.3, viem@^2.7.6:
  version "2.7.8"
  resolved "https://registry.yarnpkg.com/viem/-/viem-2.7.8.tgz#ca60552190cdc501cf4e1d1140d8da7625b1b1f4"
  integrity sha512-5r5pkBDBmihCvMx4b3MqtP0FoZCRWE2ML1DssU80+vhJQur0PKd4yHdLbbvoiGGVD6bYiA394juhfdSvXIGgFA==
  dependencies:
    "@adraffy/ens-normalize" "1.10.0"
    "@noble/curves" "1.2.0"
    "@noble/hashes" "1.3.2"
    "@scure/bip32" "1.3.2"
    "@scure/bip39" "1.2.1"
    abitype "1.0.0"
    isows "1.0.3"
    ws "8.13.0"

ws@8.13.0:
  version "8.13.0"
  resolved "https://registry.npmjs.org/ws/-/ws-8.13.0.tgz"
  integrity sha512-x9vcZYTrFPC7aSIbj7sRCYo7L/Xb8Iy+pW0ng0wt2vCJv7M9HOMy0UoN3rr+IFC7hb7vXoqS+P9ktyLLLhO+LA==
